
Microsoft Visual Studio Solution File, Format Version 12.00
# Visual Studio Version 16
VisualStudioVersion = 16.0.28822.285
MinimumVisualStudioVersion = 10.0.40219.1
Project("{FAE04EC0-301F-11D3-BF4B-00C04F79EFBC}") = "GyanGunj", "GyanGunj\GyanGunj.csproj", "{392DBE41-70F6-40F6-BB97-C8F81504E6CF}"
EndProject
Project("{FAE04EC0-301F-11D3-BF4B-00C04F79EFBC}") = "Databases", "Databases\Databases.csproj", "{8ECBEDA3-85E9-4423-8062-71B1A398016F}"
EndProject
Project("{FAE04EC0-301F-11D3-BF4B-00C04F79EFBC}") = "Utilities", "Utilities\Utilities.csproj", "{61E70F7D-B179-4B5A-9229-65D4B27DC3A5}"
EndProject
Global
	GlobalSection(SolutionConfigurationPlatforms) = preSolution
		Debug|Any CPU = Debug|Any CPU
		Release|Any CPU = Release|Any CPU
	EndGlobalSection
	GlobalSection(ProjectConfigurationPlatforms) = postSolution
		{392DBE41-70F6-40F6-BB97-C8F81504E6CF}.Debug|Any CPU.ActiveCfg = Debug|Any CPU
		{392DBE41-70F6-40F6-BB97-C8F81504E6CF}.Debug|Any CPU.Build.0 = Debug|Any CPU
		{392DBE41-70F6-40F6-BB97-C8F81504E6CF}.Release|Any CPU.ActiveCfg = Release|Any CPU
		{392DBE41-70F6-40F6-BB97-C8F81504E6CF}.Release|Any CPU.Build.0 = Release|Any CPU
		{8ECBEDA3-85E9-4423-8062-71B1A398016F}.Debug|Any CPU.ActiveCfg = Debug|Any CPU
		{8ECBEDA3-85E9-4423-8062-71B1A398016F}.Debug|Any CPU.Build.0 = Debug|Any CPU
		{8ECBEDA3-85E9-4423-8062-71B1A398016F}.Release|Any CPU.ActiveCfg = Release|Any CPU
		{8ECBEDA3-85E9-4423-8062-71B1A398016F}.Release|Any CPU.Build.0 = Release|Any CPU
		{61E70F7D-B179-4B5A-9229-65D4B27DC3A5}.Debug|Any CPU.ActiveCfg = Debug|Any CPU
		{61E70F7D-B179-4B5A-9229-65D4B27DC3A5}.Debug|Any CPU.Build.0 = Debug|Any CPU
		{61E70F7D-B179-4B5A-9229-65D4B27DC3A5}.Release|Any CPU.ActiveCfg = Release|Any CPU
		{61E70F7D-B179-4B5A-9229-65D4B27DC3A5}.Release|Any CPU.Build.0 = Release|Any CPU
	EndGlobalSection
	GlobalSection(SolutionProperties) = preSolution
		HideSolutionNode = FALSE
	EndGlobalSection
	GlobalSection(ExtensibilityGlobals) = postSolution
		SolutionGuid = {4EE61BFF-7CC3-43F1-A819-4229AC09F79E}
	EndGlobalSection
EndGlobal
